// !$*UTF8*$!
{
	archiveVersion = 1;
	classes = {
	};
	objectVersion = 46;
	objects = {

/* Begin PBXBuildFile section */
		6A1B7217232603C4003F6D03 /* DataViewController.swift in Sources */ = {isa = PBXBuildFile; fileRef = 6A1B7216232603C4003F6D03 /* DataViewController.swift */; };
		6A1B7219232954DC003F6D03 /* ScenarioViewController.swift in Sources */ = {isa = PBXBuildFile; fileRef = 6A1B7218232954DC003F6D03 /* ScenarioViewController.swift */; };
		6A1B721B23295DAB003F6D03 /* BodyPartViewController.swift in Sources */ = {isa = PBXBuildFile; fileRef = 6A1B721A23295DAB003F6D03 /* BodyPartViewController.swift */; };
		6A482146233C3D8300906483 /* Load_screen.png in Resources */ = {isa = PBXBuildFile; fileRef = 6A482145233C3D8200906483 /* Load_screen.png */; };
		6A81738C233F23B300D1D4E9 /* ScenarioListTableViewController.swift in Sources */ = {isa = PBXBuildFile; fileRef = 6A81738B233F23B300D1D4E9 /* ScenarioListTableViewController.swift */; };
		6A81738F233F2C1300D1D4E9 /* CoreData.framework in Frameworks */ = {isa = PBXBuildFile; fileRef = 6A81738E233F2C1300D1D4E9 /* CoreData.framework */; };
		6A8173CF233F2E8000D1D4E9 /* ALERRT.xcdatamodeld in Sources */ = {isa = PBXBuildFile; fileRef = 6A8173CD233F2E8000D1D4E9 /* ALERRT.xcdatamodeld */; };
		6A94D876234858AA004F7551 /* GoogleDriveAPI.swift in Sources */ = {isa = PBXBuildFile; fileRef = 6A94D875234858AA004F7551 /* GoogleDriveAPI.swift */; };
		6A94D87823485947004F7551 /* GoogleViewController.swift in Sources */ = {isa = PBXBuildFile; fileRef = 6A94D87723485947004F7551 /* GoogleViewController.swift */; };
		6A94D87C23492862004F7551 /* ATGoogleDrive.swift in Sources */ = {isa = PBXBuildFile; fileRef = 6A94D87B23492862004F7551 /* ATGoogleDrive.swift */; };
		6AAE39AC23484ED100495FD2 /* Podfile in Resources */ = {isa = PBXBuildFile; fileRef = 6AAE39AB23484ED100495FD2 /* Podfile */; };
		6AB273C3232C3FB100B423F5 /* ViewController.swift in Sources */ = {isa = PBXBuildFile; fileRef = 6AB273C2232C3FB100B423F5 /* ViewController.swift */; };
		F5C4F37B299A947ADB449FF5 /* Pods_Serial.framework in Frameworks */ = {isa = PBXBuildFile; fileRef = F7315952F30C647B46549F84 /* Pods_Serial.framework */; };
		FA5AB96B1B77A30F007443C8 /* AppDelegate.swift in Sources */ = {isa = PBXBuildFile; fileRef = FA5AB96A1B77A30F007443C8 /* AppDelegate.swift */; };
		FA5AB9701B77A30F007443C8 /* Main.storyboard in Resources */ = {isa = PBXBuildFile; fileRef = FA5AB96E1B77A30F007443C8 /* Main.storyboard */; };
		FA5AB9721B77A30F007443C8 /* Images.xcassets in Resources */ = {isa = PBXBuildFile; fileRef = FA5AB9711B77A30F007443C8 /* Images.xcassets */; };
		FA5AB9751B77A30F007443C8 /* LaunchScreen.xib in Resources */ = {isa = PBXBuildFile; fileRef = FA5AB9731B77A30F007443C8 /* LaunchScreen.xib */; };
		FA5AB9811B77A30F007443C8 /* HM10_SerialTests.swift in Sources */ = {isa = PBXBuildFile; fileRef = FA5AB9801B77A30F007443C8 /* HM10_SerialTests.swift */; };
		FA5AB98B1B77A398007443C8 /* BluetoothSerial.swift in Sources */ = {isa = PBXBuildFile; fileRef = FA5AB98A1B77A398007443C8 /* BluetoothSerial.swift */; };
		FA62F58D1B8B85B3000479B6 /* MBProgressHUD.m in Sources */ = {isa = PBXBuildFile; fileRef = FA62F58C1B8B85B3000479B6 /* MBProgressHUD.m */; };
		FA73A0361B78FEB0005EFDB6 /* SerialViewController.swift in Sources */ = {isa = PBXBuildFile; fileRef = FA73A0351B78FEB0005EFDB6 /* SerialViewController.swift */; };
		FA73A03A1B790C33005EFDB6 /* PreferencesTableViewController.swift in Sources */ = {isa = PBXBuildFile; fileRef = FA73A0391B790C33005EFDB6 /* PreferencesTableViewController.swift */; };
		FA755D301B78B8FE00A902FE /* ScannerViewController.swift in Sources */ = {isa = PBXBuildFile; fileRef = FA755D2F1B78B8FE00A902FE /* ScannerViewController.swift */; };
/* End PBXBuildFile section */

/* Begin PBXContainerItemProxy section */
		FA5AB97B1B77A30F007443C8 /* PBXContainerItemProxy */ = {
			isa = PBXContainerItemProxy;
			containerPortal = FA5AB95D1B77A30E007443C8 /* Project object */;
			proxyType = 1;
			remoteGlobalIDString = FA5AB9641B77A30E007443C8;
			remoteInfo = "HM10 Serial";
		};
/* End PBXContainerItemProxy section */

/* Begin PBXFileReference section */
		6A1B7216232603C4003F6D03 /* DataViewController.swift */ = {isa = PBXFileReference; lastKnownFileType = sourcecode.swift; path = DataViewController.swift; sourceTree = "<group>"; };
		6A1B7218232954DC003F6D03 /* ScenarioViewController.swift */ = {isa = PBXFileReference; lastKnownFileType = sourcecode.swift; path = ScenarioViewController.swift; sourceTree = "<group>"; };
		6A1B721A23295DAB003F6D03 /* BodyPartViewController.swift */ = {isa = PBXFileReference; lastKnownFileType = sourcecode.swift; path = BodyPartViewController.swift; sourceTree = "<group>"; };
		6A482145233C3D8200906483 /* Load_screen.png */ = {isa = PBXFileReference; lastKnownFileType = image.png; name = Load_screen.png; path = "../../../../../D2/iOS_APP/HM10-BluetoothSerial-iOS-test/HM10 Serial/Images.xcassets/Load_screen.imageset/Load_screen.png"; sourceTree = "<group>"; };
		6A81738B233F23B300D1D4E9 /* ScenarioListTableViewController.swift */ = {isa = PBXFileReference; lastKnownFileType = sourcecode.swift; path = ScenarioListTableViewController.swift; sourceTree = "<group>"; };
		6A81738E233F2C1300D1D4E9 /* CoreData.framework */ = {isa = PBXFileReference; lastKnownFileType = wrapper.framework; name = CoreData.framework; path = System/Library/Frameworks/CoreData.framework; sourceTree = SDKROOT; };
		6A8173CE233F2E8000D1D4E9 /* try.xcdatamodel */ = {isa = PBXFileReference; lastKnownFileType = wrapper.xcdatamodel; path = try.xcdatamodel; sourceTree = "<group>"; };
		6A94D875234858AA004F7551 /* GoogleDriveAPI.swift */ = {isa = PBXFileReference; lastKnownFileType = sourcecode.swift; path = GoogleDriveAPI.swift; sourceTree = "<group>"; };
		6A94D87723485947004F7551 /* GoogleViewController.swift */ = {isa = PBXFileReference; lastKnownFileType = sourcecode.swift; path = GoogleViewController.swift; sourceTree = "<group>"; };
		6A94D87B23492862004F7551 /* ATGoogleDrive.swift */ = {isa = PBXFileReference; lastKnownFileType = sourcecode.swift; path = ATGoogleDrive.swift; sourceTree = "<group>"; };
		6AAE39AB23484ED100495FD2 /* Podfile */ = {isa = PBXFileReference; lastKnownFileType = text; path = Podfile; sourceTree = "<group>"; xcLanguageSpecificationIdentifier = xcode.lang.ruby; };
		6AB273C2232C3FB100B423F5 /* ViewController.swift */ = {isa = PBXFileReference; lastKnownFileType = sourcecode.swift; path = ViewController.swift; sourceTree = "<group>"; };
		AD4A0A7F65395C1C263DBED0 /* Pods-Serial.release.xcconfig */ = {isa = PBXFileReference; includeInIndex = 1; lastKnownFileType = text.xcconfig; name = "Pods-Serial.release.xcconfig"; path = "Target Support Files/Pods-Serial/Pods-Serial.release.xcconfig"; sourceTree = "<group>"; };
		E62662DE81F61FFD83F0D283 /* Pods-Serial.debug.xcconfig */ = {isa = PBXFileReference; includeInIndex = 1; lastKnownFileType = text.xcconfig; name = "Pods-Serial.debug.xcconfig"; path = "Target Support Files/Pods-Serial/Pods-Serial.debug.xcconfig"; sourceTree = "<group>"; };
		F7315952F30C647B46549F84 /* Pods_Serial.framework */ = {isa = PBXFileReference; explicitFileType = wrapper.framework; includeInIndex = 0; path = Pods_Serial.framework; sourceTree = BUILT_PRODUCTS_DIR; };
		FA5AB9651B77A30E007443C8 /* ALERRT.app */ = {isa = PBXFileReference; explicitFileType = wrapper.application; includeInIndex = 0; path = ALERRT.app; sourceTree = BUILT_PRODUCTS_DIR; };
		FA5AB9691B77A30F007443C8 /* Info.plist */ = {isa = PBXFileReference; lastKnownFileType = text.plist.xml; path = Info.plist; sourceTree = "<group>"; };
		FA5AB96A1B77A30F007443C8 /* AppDelegate.swift */ = {isa = PBXFileReference; lastKnownFileType = sourcecode.swift; path = AppDelegate.swift; sourceTree = "<group>"; };
		FA5AB96F1B77A30F007443C8 /* Base */ = {isa = PBXFileReference; lastKnownFileType = file.storyboard; name = Base; path = Base.lproj/Main.storyboard; sourceTree = "<group>"; };
		FA5AB9711B77A30F007443C8 /* Images.xcassets */ = {isa = PBXFileReference; lastKnownFileType = folder.assetcatalog; path = Images.xcassets; sourceTree = "<group>"; };
		FA5AB9741B77A30F007443C8 /* Base */ = {isa = PBXFileReference; lastKnownFileType = file.xib; name = Base; path = Base.lproj/LaunchScreen.xib; sourceTree = "<group>"; };
		FA5AB97A1B77A30F007443C8 /* HM10 SerialTests.xctest */ = {isa = PBXFileReference; explicitFileType = wrapper.cfbundle; includeInIndex = 0; path = "HM10 SerialTests.xctest"; sourceTree = BUILT_PRODUCTS_DIR; };
		FA5AB97F1B77A30F007443C8 /* Info.plist */ = {isa = PBXFileReference; lastKnownFileType = text.plist.xml; path = Info.plist; sourceTree = "<group>"; };
		FA5AB9801B77A30F007443C8 /* HM10_SerialTests.swift */ = {isa = PBXFileReference; lastKnownFileType = sourcecode.swift; path = HM10_SerialTests.swift; sourceTree = "<group>"; };
		FA5AB98A1B77A398007443C8 /* BluetoothSerial.swift */ = {isa = PBXFileReference; fileEncoding = 4; lastKnownFileType = sourcecode.swift; path = BluetoothSerial.swift; sourceTree = "<group>"; };
		FA62F58A1B8B85B2000479B6 /* ALERRT-Bridging-Header.h */ = {isa = PBXFileReference; lastKnownFileType = sourcecode.c.h; path = "ALERRT-Bridging-Header.h"; sourceTree = "<group>"; };
		FA62F58B1B8B85B3000479B6 /* MBProgressHUD.h */ = {isa = PBXFileReference; fileEncoding = 4; lastKnownFileType = sourcecode.c.h; path = MBProgressHUD.h; sourceTree = "<group>"; };
		FA62F58C1B8B85B3000479B6 /* MBProgressHUD.m */ = {isa = PBXFileReference; fileEncoding = 4; lastKnownFileType = sourcecode.c.objc; path = MBProgressHUD.m; sourceTree = "<group>"; };
		FA73A0351B78FEB0005EFDB6 /* SerialViewController.swift */ = {isa = PBXFileReference; fileEncoding = 4; lastKnownFileType = sourcecode.swift; path = SerialViewController.swift; sourceTree = "<group>"; };
		FA73A0391B790C33005EFDB6 /* PreferencesTableViewController.swift */ = {isa = PBXFileReference; fileEncoding = 4; lastKnownFileType = sourcecode.swift; path = PreferencesTableViewController.swift; sourceTree = "<group>"; };
		FA755D2F1B78B8FE00A902FE /* ScannerViewController.swift */ = {isa = PBXFileReference; fileEncoding = 4; lastKnownFileType = sourcecode.swift; path = ScannerViewController.swift; sourceTree = "<group>"; };
/* End PBXFileReference section */

/* Begin PBXFrameworksBuildPhase section */
		FA5AB9621B77A30E007443C8 /* Frameworks */ = {
			isa = PBXFrameworksBuildPhase;
			buildActionMask = 2147483647;
			files = (
				6A81738F233F2C1300D1D4E9 /* CoreData.framework in Frameworks */,
				F5C4F37B299A947ADB449FF5 /* Pods_Serial.framework in Frameworks */,
			);
			runOnlyForDeploymentPostprocessing = 0;
		};
		FA5AB9771B77A30F007443C8 /* Frameworks */ = {
			isa = PBXFrameworksBuildPhase;
			buildActionMask = 2147483647;
			files = (
			);
			runOnlyForDeploymentPostprocessing = 0;
		};
/* End PBXFrameworksBuildPhase section */

/* Begin PBXGroup section */
		6A81738D233F2C1200D1D4E9 /* Frameworks */ = {
			isa = PBXGroup;
			children = (
				6A81738E233F2C1300D1D4E9 /* CoreData.framework */,
				F7315952F30C647B46549F84 /* Pods_Serial.framework */,
			);
			name = Frameworks;
			sourceTree = "<group>";
		};
		DA7DFA97137DB044936E01C8 /* Pods */ = {
			isa = PBXGroup;
			children = (
				E62662DE81F61FFD83F0D283 /* Pods-Serial.debug.xcconfig */,
				AD4A0A7F65395C1C263DBED0 /* Pods-Serial.release.xcconfig */,
			);
			path = Pods;
			sourceTree = "<group>";
		};
		FA5AB95C1B77A30E007443C8 = {
			isa = PBXGroup;
			children = (
				6AAE39AB23484ED100495FD2 /* Podfile */,
				FA5AB9671B77A30E007443C8 /* ALERRT */,
				FA5AB97D1B77A30F007443C8 /* HM10 SerialTests */,
				FA5AB9661B77A30E007443C8 /* Products */,
				6A81738D233F2C1200D1D4E9 /* Frameworks */,
				DA7DFA97137DB044936E01C8 /* Pods */,
			);
			sourceTree = "<group>";
		};
		FA5AB9661B77A30E007443C8 /* Products */ = {
			isa = PBXGroup;
			children = (
				FA5AB9651B77A30E007443C8 /* ALERRT.app */,
				FA5AB97A1B77A30F007443C8 /* HM10 SerialTests.xctest */,
			);
			name = Products;
			sourceTree = "<group>";
		};
		FA5AB9671B77A30E007443C8 /* ALERRT */ = {
			isa = PBXGroup;
			children = (
				FA5AB96A1B77A30F007443C8 /* AppDelegate.swift */,
				6A482145233C3D8200906483 /* Load_screen.png */,
				FA73A0351B78FEB0005EFDB6 /* SerialViewController.swift */,
				FA755D2F1B78B8FE00A902FE /* ScannerViewController.swift */,
				FA73A0391B790C33005EFDB6 /* PreferencesTableViewController.swift */,
				6A1B7218232954DC003F6D03 /* ScenarioViewController.swift */,
				6A1B721A23295DAB003F6D03 /* BodyPartViewController.swift */,
				6A1B7216232603C4003F6D03 /* DataViewController.swift */,
				6AB273C2232C3FB100B423F5 /* ViewController.swift */,
				FA5AB98A1B77A398007443C8 /* BluetoothSerial.swift */,
				FA62F58B1B8B85B3000479B6 /* MBProgressHUD.h */,
				FA62F58C1B8B85B3000479B6 /* MBProgressHUD.m */,
				FA5AB96E1B77A30F007443C8 /* Main.storyboard */,
				FA5AB9731B77A30F007443C8 /* LaunchScreen.xib */,
				6A8173CD233F2E8000D1D4E9 /* ALERRT.xcdatamodeld */,
				6A81738B233F23B300D1D4E9 /* ScenarioListTableViewController.swift */,
				6A94D87723485947004F7551 /* GoogleViewController.swift */,
				6A94D875234858AA004F7551 /* GoogleDriveAPI.swift */,
				FA5AB9711B77A30F007443C8 /* Images.xcassets */,
				FA5AB9681B77A30E007443C8 /* Supporting Files */,
				FA62F58A1B8B85B2000479B6 /* ALERRT-Bridging-Header.h */,
				6A94D87B23492862004F7551 /* ATGoogleDrive.swift */,
			);
			path = ALERRT;
			sourceTree = "<group>";
		};
		FA5AB9681B77A30E007443C8 /* Supporting Files */ = {
			isa = PBXGroup;
			children = (
				FA5AB9691B77A30F007443C8 /* Info.plist */,
			);
			name = "Supporting Files";
			sourceTree = "<group>";
		};
		FA5AB97D1B77A30F007443C8 /* HM10 SerialTests */ = {
			isa = PBXGroup;
			children = (
				FA5AB9801B77A30F007443C8 /* HM10_SerialTests.swift */,
				FA5AB97E1B77A30F007443C8 /* Supporting Files */,
			);
			path = "HM10 SerialTests";
			sourceTree = "<group>";
		};
		FA5AB97E1B77A30F007443C8 /* Supporting Files */ = {
			isa = PBXGroup;
			children = (
				FA5AB97F1B77A30F007443C8 /* Info.plist */,
			);
			name = "Supporting Files";
			sourceTree = "<group>";
		};
/* End PBXGroup section */

/* Begin PBXNativeTarget section */
		FA5AB9641B77A30E007443C8 /* Serial */ = {
			isa = PBXNativeTarget;
			buildConfigurationList = FA5AB9841B77A30F007443C8 /* Build configuration list for PBXNativeTarget "Serial" */;
			buildPhases = (
				CF7B23C30E28A95D07E4C9D6 /* [CP] Check Pods Manifest.lock */,
				FA5AB9611B77A30E007443C8 /* Sources */,
				FA5AB9621B77A30E007443C8 /* Frameworks */,
				FA5AB9631B77A30E007443C8 /* Resources */,
				2E8967AB35936029C4C7B7FF /* [CP] Embed Pods Frameworks */,
				5B5490559A4A61431E3D8D6B /* [CP] Copy Pods Resources */,
			);
			buildRules = (
			);
			dependencies = (
			);
			name = Serial;
			productName = "HM10 Serial";
			productReference = FA5AB9651B77A30E007443C8 /* ALERRT.app */;
			productType = "com.apple.product-type.application";
		};
		FA5AB9791B77A30F007443C8 /* HM10 SerialTests */ = {
			isa = PBXNativeTarget;
			buildConfigurationList = FA5AB9871B77A30F007443C8 /* Build configuration list for PBXNativeTarget "HM10 SerialTests" */;
			buildPhases = (
				FA5AB9761B77A30F007443C8 /* Sources */,
				FA5AB9771B77A30F007443C8 /* Frameworks */,
				FA5AB9781B77A30F007443C8 /* Resources */,
			);
			buildRules = (
			);
			dependencies = (
				FA5AB97C1B77A30F007443C8 /* PBXTargetDependency */,
			);
			name = "HM10 SerialTests";
			productName = "HM10 SerialTests";
			productReference = FA5AB97A1B77A30F007443C8 /* HM10 SerialTests.xctest */;
			productType = "com.apple.product-type.bundle.unit-test";
		};
/* End PBXNativeTarget section */

/* Begin PBXProject section */
		FA5AB95D1B77A30E007443C8 /* Project object */ = {
			isa = PBXProject;
			attributes = {
				LastSwiftMigration = 0700;
				LastSwiftUpdateCheck = 0700;
				LastUpgradeCheck = 1010;
				ORGANIZATIONNAME = "Balancing Rock";
				TargetAttributes = {
					FA5AB9641B77A30E007443C8 = {
						CreatedOnToolsVersion = 6.4;
						DevelopmentTeam = FU8YZF22GM;
						LastSwiftMigration = 1020;
						ProvisioningStyle = Automatic;
					};
					FA5AB9791B77A30F007443C8 = {
						CreatedOnToolsVersion = 6.4;
						DevelopmentTeam = B22Z7NLA6E;
						LastSwiftMigration = 1020;
						ProvisioningStyle = Automatic;
						TestTargetID = FA5AB9641B77A30E007443C8;
					};
				};
			};
			buildConfigurationList = FA5AB9601B77A30E007443C8 /* Build configuration list for PBXProject "ALERRT" */;
			compatibilityVersion = "Xcode 3.2";
			developmentRegion = en;
			hasScannedForEncodings = 0;
			knownRegions = (
				en,
				Base,
			);
			mainGroup = FA5AB95C1B77A30E007443C8;
			productRefGroup = FA5AB9661B77A30E007443C8 /* Products */;
			projectDirPath = "";
			projectRoot = "";
			targets = (
				FA5AB9641B77A30E007443C8 /* Serial */,
				FA5AB9791B77A30F007443C8 /* HM10 SerialTests */,
			);
		};
/* End PBXProject section */

/* Begin PBXResourcesBuildPhase section */
		FA5AB9631B77A30E007443C8 /* Resources */ = {
			isa = PBXResourcesBuildPhase;
			buildActionMask = 2147483647;
			files = (
				6AAE39AC23484ED100495FD2 /* Podfile in Resources */,
				FA5AB9701B77A30F007443C8 /* Main.storyboard in Resources */,
				6A482146233C3D8300906483 /* Load_screen.png in Resources */,
				FA5AB9751B77A30F007443C8 /* LaunchScreen.xib in Resources */,
				FA5AB9721B77A30F007443C8 /* Images.xcassets in Resources */,
			);
			runOnlyForDeploymentPostprocessing = 0;
		};
		FA5AB9781B77A30F007443C8 /* Resources */ = {
			isa = PBXResourcesBuildPhase;
			buildActionMask = 2147483647;
			files = (
			);
			runOnlyForDeploymentPostprocessing = 0;
		};
/* End PBXResourcesBuildPhase section */

/* Begin PBXShellScriptBuildPhase section */
		2E8967AB35936029C4C7B7FF /* [CP] Embed Pods Frameworks */ = {
			isa = PBXShellScriptBuildPhase;
			buildActionMask = 2147483647;
			files = (
			);
			inputPaths = (
				"${PODS_ROOT}/Target Support Files/Pods-Serial/Pods-Serial-frameworks.sh",
				"${BUILT_PRODUCTS_DIR}/GTMOAuth2/GTMOAuth2.framework",
				"${BUILT_PRODUCTS_DIR}/GTMSessionFetcher/GTMSessionFetcher.framework",
				"${BUILT_PRODUCTS_DIR}/GoogleAPIClientForREST/GoogleAPIClientForREST.framework",
				"${BUILT_PRODUCTS_DIR}/GoogleToolboxForMac/GoogleToolboxForMac.framework",
			);
			name = "[CP] Embed Pods Frameworks";
			outputPaths = (
				"${TARGET_BUILD_DIR}/${FRAMEWORKS_FOLDER_PATH}/GTMOAuth2.framework",
				"${TARGET_BUILD_DIR}/${FRAMEWORKS_FOLDER_PATH}/GTMSessionFetcher.framework",
				"${TARGET_BUILD_DIR}/${FRAMEWORKS_FOLDER_PATH}/GoogleAPIClientForREST.framework",
				"${TARGET_BUILD_DIR}/${FRAMEWORKS_FOLDER_PATH}/GoogleToolboxForMac.framework",
			);
			runOnlyForDeploymentPostprocessing = 0;
			shellPath = /bin/sh;
			shellScript = "\"${PODS_ROOT}/Target Support Files/Pods-Serial/Pods-Serial-frameworks.sh\"\n";
			showEnvVarsInLog = 0;
		};
		5B5490559A4A61431E3D8D6B /* [CP] Copy Pods Resources */ = {
			isa = PBXShellScriptBuildPhase;
			buildActionMask = 2147483647;
			files = (
			);
			inputPaths = (
				"${PODS_ROOT}/Target Support Files/Pods-Serial/Pods-Serial-resources.sh",
				"${PODS_ROOT}/GoogleSignIn/Resources/GoogleSignIn.bundle",
			);
			name = "[CP] Copy Pods Resources";
			outputPaths = (
				"${TARGET_BUILD_DIR}/${UNLOCALIZED_RESOURCES_FOLDER_PATH}/GoogleSignIn.bundle",
			);
			runOnlyForDeploymentPostprocessing = 0;
			shellPath = /bin/sh;
			shellScript = "\"${PODS_ROOT}/Target Support Files/Pods-Serial/Pods-Serial-resources.sh\"\n";
			showEnvVarsInLog = 0;
		};
		CF7B23C30E28A95D07E4C9D6 /* [CP] Check Pods Manifest.lock */ = {
			isa = PBXShellScriptBuildPhase;
			buildActionMask = 2147483647;
			files = (
			);
			inputFileListPaths = (
			);
			inputPaths = (
				"${PODS_PODFILE_DIR_PATH}/Podfile.lock",
				"${PODS_ROOT}/Manifest.lock",
			);
			name = "[CP] Check Pods Manifest.lock";
			outputFileListPaths = (
			);
			outputPaths = (
				"$(DERIVED_FILE_DIR)/Pods-Serial-checkManifestLockResult.txt",
			);
			runOnlyForDeploymentPostprocessing = 0;
			shellPath = /bin/sh;
			shellScript = "diff \"${PODS_PODFILE_DIR_PATH}/Podfile.lock\" \"${PODS_ROOT}/Manifest.lock\" > /dev/null\nif [ $? != 0 ] ; then\n    # print error to STDERR\n    echo \"error: The sandbox is not in sync with the Podfile.lock. Run 'pod install' or update your CocoaPods installation.\" >&2\n    exit 1\nfi\n# This output is used by Xcode 'outputs' to avoid re-running this script phase.\necho \"SUCCESS\" > \"${SCRIPT_OUTPUT_FILE_0}\"\n";
			showEnvVarsInLog = 0;
		};
/* End PBXShellScriptBuildPhase section */

/* Begin PBXSourcesBuildPhase section */
		FA5AB9611B77A30E007443C8 /* Sources */ = {
			isa = PBXSourcesBuildPhase;
			buildActionMask = 2147483647;
			files = (
				6AB273C3232C3FB100B423F5 /* ViewController.swift in Sources */,
				FA5AB98B1B77A398007443C8 /* BluetoothSerial.swift in Sources */,
				6A1B7217232603C4003F6D03 /* DataViewController.swift in Sources */,
				6A94D876234858AA004F7551 /* GoogleDriveAPI.swift in Sources */,
				6A1B7219232954DC003F6D03 /* ScenarioViewController.swift in Sources */,
				6A94D87823485947004F7551 /* GoogleViewController.swift in Sources */,
				6A81738C233F23B300D1D4E9 /* ScenarioListTableViewController.swift in Sources */,
				6A8173CF233F2E8000D1D4E9 /* ALERRT.xcdatamodeld in Sources */,
				FA73A0361B78FEB0005EFDB6 /* SerialViewController.swift in Sources */,
				FA73A03A1B790C33005EFDB6 /* PreferencesTableViewController.swift in Sources */,
				6A1B721B23295DAB003F6D03 /* BodyPartViewController.swift in Sources */,
				FA5AB96B1B77A30F007443C8 /* AppDelegate.swift in Sources */,
				FA755D301B78B8FE00A902FE /* ScannerViewController.swift in Sources */,
				FA62F58D1B8B85B3000479B6 /* MBProgressHUD.m in Sources */,
				6A94D87C23492862004F7551 /* ATGoogleDrive.swift in Sources */,
			);
			runOnlyForDeploymentPostprocessing = 0;
		};
		FA5AB9761B77A30F007443C8 /* Sources */ = {
			isa = PBXSourcesBuildPhase;
			buildActionMask = 2147483647;
			files = (
				FA5AB9811B77A30F007443C8 /* HM10_SerialTests.swift in Sources */,
			);
			runOnlyForDeploymentPostprocessing = 0;
		};
/* End PBXSourcesBuildPhase section */

/* Begin PBXTargetDependency section */
		FA5AB97C1B77A30F007443C8 /* PBXTargetDependency */ = {
			isa = PBXTargetDependency;
			target = FA5AB9641B77A30E007443C8 /* Serial */;
			targetProxy = FA5AB97B1B77A30F007443C8 /* PBXContainerItemProxy */;
		};
/* End PBXTargetDependency section */

/* Begin PBXVariantGroup section */
		FA5AB96E1B77A30F007443C8 /* Main.storyboard */ = {
			isa = PBXVariantGroup;
			children = (
				FA5AB96F1B77A30F007443C8 /* Base */,
			);
			name = Main.storyboard;
			sourceTree = "<group>";
		};
		FA5AB9731B77A30F007443C8 /* LaunchScreen.xib */ = {
			isa = PBXVariantGroup;
			children = (
				FA5AB9741B77A30F007443C8 /* Base */,
			);
			name = LaunchScreen.xib;
			sourceTree = "<group>";
		};
/* End PBXVariantGroup section */

/* Begin XCBuildConfiguration section */
		FA5AB9821B77A30F007443C8 /* Debug */ = {
			isa = XCBuildConfiguration;
			buildSettings = {
				ALWAYS_SEARCH_USER_PATHS = NO;
				CLANG_CXX_LANGUAGE_STANDARD = "gnu++0x";
				CLANG_CXX_LIBRARY = "libc++";
				CLANG_ENABLE_MODULES = YES;
				CLANG_ENABLE_OBJC_ARC = YES;
				CLANG_WARN_BLOCK_CAPTURE_AUTORELEASING = YES;
				CLANG_WARN_BOOL_CONVERSION = YES;
				CLANG_WARN_COMMA = YES;
				CLANG_WARN_CONSTANT_CONVERSION = YES;
				CLANG_WARN_DEPRECATED_OBJC_IMPLEMENTATIONS = YES;
				CLANG_WARN_DIRECT_OBJC_ISA_USAGE = YES_ERROR;
				CLANG_WARN_EMPTY_BODY = YES;
				CLANG_WARN_ENUM_CONVERSION = YES;
				CLANG_WARN_INFINITE_RECURSION = YES;
				CLANG_WARN_INT_CONVERSION = YES;
				CLANG_WARN_NON_LITERAL_NULL_CONVERSION = YES;
				CLANG_WARN_OBJC_IMPLICIT_RETAIN_SELF = YES;
				CLANG_WARN_OBJC_LITERAL_CONVERSION = YES;
				CLANG_WARN_OBJC_ROOT_CLASS = YES_ERROR;
				CLANG_WARN_RANGE_LOOP_ANALYSIS = YES;
				CLANG_WARN_STRICT_PROTOTYPES = YES;
				CLANG_WARN_SUSPICIOUS_MOVE = YES;
				CLANG_WARN_UNREACHABLE_CODE = YES;
				CLANG_WARN__DUPLICATE_METHOD_MATCH = YES;
				CODE_SIGN_IDENTITY = "iPhone Distribution: Alex van der Lugt (B22Z7NLA6E)";
				"CODE_SIGN_IDENTITY[sdk=iphoneos*]" = "iPhone Distribution: Alex van der Lugt (B22Z7NLA6E)";
				COPY_PHASE_STRIP = NO;
				DEBUG_INFORMATION_FORMAT = "dwarf-with-dsym";
				DEVELOPMENT_TEAM = B22Z7NLA6E;
				ENABLE_STRICT_OBJC_MSGSEND = YES;
				ENABLE_TESTABILITY = YES;
				GCC_C_LANGUAGE_STANDARD = gnu99;
				GCC_DYNAMIC_NO_PIC = NO;
				GCC_NO_COMMON_BLOCKS = YES;
				GCC_OPTIMIZATION_LEVEL = 0;
				GCC_PREPROCESSOR_DEFINITIONS = (
					"DEBUG=1",
					"$(inherited)",
				);
				GCC_SYMBOLS_PRIVATE_EXTERN = NO;
				GCC_WARN_64_TO_32_BIT_CONVERSION = YES;
				GCC_WARN_ABOUT_RETURN_TYPE = YES_ERROR;
				GCC_WARN_UNDECLARED_SELECTOR = YES;
				GCC_WARN_UNINITIALIZED_AUTOS = YES_AGGRESSIVE;
				GCC_WARN_UNUSED_FUNCTION = YES;
				GCC_WARN_UNUSED_VARIABLE = YES;
				IPHONEOS_DEPLOYMENT_TARGET = 8.4;
				MTL_ENABLE_DEBUG_INFO = YES;
				ONLY_ACTIVE_ARCH = YES;
				SDKROOT = iphoneos;
				SWIFT_OPTIMIZATION_LEVEL = "-Onone";
				TARGETED_DEVICE_FAMILY = "1,2";
			};
			name = Debug;
		};
		FA5AB9831B77A30F007443C8 /* Release */ = {
			isa = XCBuildConfiguration;
			buildSettings = {
				ALWAYS_SEARCH_USER_PATHS = NO;
				CLANG_CXX_LANGUAGE_STANDARD = "gnu++0x";
				CLANG_CXX_LIBRARY = "libc++";
				CLANG_ENABLE_MODULES = YES;
				CLANG_ENABLE_OBJC_ARC = YES;
				CLANG_WARN_BLOCK_CAPTURE_AUTORELEASING = YES;
				CLANG_WARN_BOOL_CONVERSION = YES;
				CLANG_WARN_COMMA = YES;
				CLANG_WARN_CONSTANT_CONVERSION = YES;
				CLANG_WARN_DEPRECATED_OBJC_IMPLEMENTATIONS = YES;
				CLANG_WARN_DIRECT_OBJC_ISA_USAGE = YES_ERROR;
				CLANG_WARN_EMPTY_BODY = YES;
				CLANG_WARN_ENUM_CONVERSION = YES;
				CLANG_WARN_INFINITE_RECURSION = YES;
				CLANG_WARN_INT_CONVERSION = YES;
				CLANG_WARN_NON_LITERAL_NULL_CONVERSION = YES;
				CLANG_WARN_OBJC_IMPLICIT_RETAIN_SELF = YES;
				CLANG_WARN_OBJC_LITERAL_CONVERSION = YES;
				CLANG_WARN_OBJC_ROOT_CLASS = YES_ERROR;
				CLANG_WARN_RANGE_LOOP_ANALYSIS = YES;
				CLANG_WARN_STRICT_PROTOTYPES = YES;
				CLANG_WARN_SUSPICIOUS_MOVE = YES;
				CLANG_WARN_UNREACHABLE_CODE = YES;
				CLANG_WARN__DUPLICATE_METHOD_MATCH = YES;
				CODE_SIGN_IDENTITY = "iPhone Distribution: Alex van der Lugt (B22Z7NLA6E)";
				"CODE_SIGN_IDENTITY[sdk=iphoneos*]" = "iPhone Distribution: Alex van der Lugt (B22Z7NLA6E)";
				COPY_PHASE_STRIP = NO;
				DEBUG_INFORMATION_FORMAT = "dwarf-with-dsym";
				DEVELOPMENT_TEAM = B22Z7NLA6E;
				ENABLE_NS_ASSERTIONS = NO;
				ENABLE_STRICT_OBJC_MSGSEND = YES;
				GCC_C_LANGUAGE_STANDARD = gnu99;
				GCC_NO_COMMON_BLOCKS = YES;
				GCC_WARN_64_TO_32_BIT_CONVERSION = YES;
				GCC_WARN_ABOUT_RETURN_TYPE = YES_ERROR;
				GCC_WARN_UNDECLARED_SELECTOR = YES;
				GCC_WARN_UNINITIALIZED_AUTOS = YES_AGGRESSIVE;
				GCC_WARN_UNUSED_FUNCTION = YES;
				GCC_WARN_UNUSED_VARIABLE = YES;
				IPHONEOS_DEPLOYMENT_TARGET = 8.4;
				MTL_ENABLE_DEBUG_INFO = NO;
				SDKROOT = iphoneos;
				SWIFT_OPTIMIZATION_LEVEL = "-Owholemodule";
				TARGETED_DEVICE_FAMILY = "1,2";
				VALIDATE_PRODUCT = YES;
			};
			name = Release;
		};
		FA5AB9851B77A30F007443C8 /* Debug */ = {
			isa = XCBuildConfiguration;
			baseConfigurationReference = E62662DE81F61FFD83F0D283 /* Pods-Serial.debug.xcconfig */;
			buildSettings = {
				ASSETCATALOG_COMPILER_APPICON_NAME = AppIcon;
				CLANG_ENABLE_MODULES = YES;
				CODE_SIGN_IDENTITY = "iPhone Distribution: Alex van der Lugt (B22Z7NLA6E)";
				"CODE_SIGN_IDENTITY[sdk=iphoneos*]" = "iPhone Developer";
				DEVELOPMENT_TEAM = FU8YZF22GM;
				ENABLE_BITCODE = NO;
				INFOPLIST_FILE = ALERRT/Info.plist;
				IPHONEOS_DEPLOYMENT_TARGET = 10.0;
				LD_RUNPATH_SEARCH_PATHS = "$(inherited) @executable_path/Frameworks";
				PRODUCT_BUNDLE_IDENTIFIER = boheyse.com;
				PRODUCT_NAME = ALERRT;
				PROVISIONING_PROFILE = "";
				PROVISIONING_PROFILE_SPECIFIER = "";
				SWIFT_OBJC_BRIDGING_HEADER = "ALERRT/ALERRT-Bridging-Header.h";
				SWIFT_OPTIMIZATION_LEVEL = "-Onone";
				SWIFT_VERSION = 4.2;
				TARGETED_DEVICE_FAMILY = 1;
			};
			name = Debug;
		};
		FA5AB9861B77A30F007443C8 /* Release */ = {
			isa = XCBuildConfiguration;
			baseConfigurationReference = AD4A0A7F65395C1C263DBED0 /* Pods-Serial.release.xcconfig */;
			buildSettings = {
				ASSETCATALOG_COMPILER_APPICON_NAME = AppIcon;
				CLANG_ENABLE_MODULES = YES;
				CODE_SIGN_IDENTITY = "iPhone Distribution: Alex van der Lugt (B22Z7NLA6E)";
				"CODE_SIGN_IDENTITY[sdk=iphoneos*]" = "iPhone Developer";
				DEVELOPMENT_TEAM = FU8YZF22GM;
				ENABLE_BITCODE = NO;
				INFOPLIST_FILE = ALERRT/Info.plist;
				IPHONEOS_DEPLOYMENT_TARGET = 10.0;
				LD_RUNPATH_SEARCH_PATHS = "$(inherited) @executable_path/Frameworks";
				PRODUCT_BUNDLE_IDENTIFIER = boheyse.com;
				PRODUCT_NAME = ALERRT;
				PROVISIONING_PROFILE = "";
				PROVISIONING_PROFILE_SPECIFIER = "";
				SWIFT_OBJC_BRIDGING_HEADER = "ALERRT/ALERRT-Bridging-Header.h";
				SWIFT_VERSION = 4.2;
				TARGETED_DEVICE_FAMILY = 1;
			};
			name = Release;
		};
		FA5AB9881B77A30F007443C8 /* Debug */ = {
			isa = XCBuildConfiguration;
			buildSettings = {
				BUNDLE_LOADER = "$(TEST_HOST)";
				"CODE_SIGN_IDENTITY[sdk=iphoneos*]" = "iPhone Developer";
				FRAMEWORK_SEARCH_PATHS = "";
				GCC_PREPROCESSOR_DEFINITIONS = (
					"DEBUG=1",
					"$(inherited)",
				);
				INFOPLIST_FILE = "HM10 SerialTests/Info.plist";
				LD_RUNPATH_SEARCH_PATHS = "$(inherited) @executable_path/Frameworks @loader_path/Frameworks";
				PRODUCT_BUNDLE_IDENTIFIER = "nl.balancingrock.$(PRODUCT_NAME:rfc1034identifier)";
				PRODUCT_NAME = "$(TARGET_NAME)";
				SWIFT_VERSION = 5.0;
				TEST_HOST = "$(BUILT_PRODUCTS_DIR)/Serial.app/Serial";
			};
			name = Debug;
		};
		FA5AB9891B77A30F007443C8 /* Release */ = {
			isa = XCBuildConfiguration;
			buildSettings = {
				BUNDLE_LOADER = "$(TEST_HOST)";
				"CODE_SIGN_IDENTITY[sdk=iphoneos*]" = "iPhone Developer";
				FRAMEWORK_SEARCH_PATHS = "";
				INFOPLIST_FILE = "HM10 SerialTests/Info.plist";
				LD_RUNPATH_SEARCH_PATHS = "$(inherited) @executable_path/Frameworks @loader_path/Frameworks";
				PRODUCT_BUNDLE_IDENTIFIER = "nl.balancingrock.$(PRODUCT_NAME:rfc1034identifier)";
				PRODUCT_NAME = "$(TARGET_NAME)";
				SWIFT_VERSION = 5.0;
				TEST_HOST = "$(BUILT_PRODUCTS_DIR)/Serial.app/Serial";
			};
			name = Release;
		};
/* End XCBuildConfiguration section */

/* Begin XCConfigurationList section */
		FA5AB9601B77A30E007443C8 /* Build configuration list for PBXProject "ALERRT" */ = {
			isa = XCConfigurationList;
			buildConfigurations = (
				FA5AB9821B77A30F007443C8 /* Debug */,
				FA5AB9831B77A30F007443C8 /* Release */,
			);
			defaultConfigurationIsVisible = 0;
			defaultConfigurationName = Release;
		};
		FA5AB9841B77A30F007443C8 /* Build configuration list for PBXNativeTarget "Serial" */ = {
			isa = XCConfigurationList;
			buildConfigurations = (
				FA5AB9851B77A30F007443C8 /* Debug */,
				FA5AB9861B77A30F007443C8 /* Release */,
			);
			defaultConfigurationIsVisible = 0;
			defaultConfigurationName = Release;
		};
		FA5AB9871B77A30F007443C8 /* Build configuration list for PBXNativeTarget "HM10 SerialTests" */ = {
			isa = XCConfigurationList;
			buildConfigurations = (
				FA5AB9881B77A30F007443C8 /* Debug */,
				FA5AB9891B77A30F007443C8 /* Release */,
			);
			defaultConfigurationIsVisible = 0;
			defaultConfigurationName = Release;
		};
/* End XCConfigurationList section */

/* Begin XCVersionGroup section */
		6A8173CD233F2E8000D1D4E9 /* ALERRT.xcdatamodeld */ = {
			isa = XCVersionGroup;
			children = (
				6A8173CE233F2E8000D1D4E9 /* try.xcdatamodel */,
			);
			currentVersion = 6A8173CE233F2E8000D1D4E9 /* try.xcdatamodel */;
			name = ALERRT.xcdatamodeld;
			path = ../../../../../../Desktop/try/try/ALERRT.xcdatamodeld;
			sourceTree = "<group>";
			versionGroupType = wrapper.xcdatamodel;
		};
/* End XCVersionGroup section */
	};
	rootObject = FA5AB95D1B77A30E007443C8 /* Project object */;
}
